
Microsoft Visual Studio Solution File, Format Version 12.00
# Visual Studio Version 17
VisualStudioVersion = 17.7.34018.315
MinimumVisualStudioVersion = 10.0.40219.1
Project("{FAE04EC0-301F-11D3-BF4B-00C04F79EFBC}") = "CSharpGPT", "CSharpGPT\CSharpGPT.csproj", "{A6EDB9A9-9082-434B-AFDE-CC24EF372300}"
EndProject
Global
	GlobalSection(SolutionConfigurationPlatforms) = preSolution
		Debug|Any CPU = Debug|Any CPU
		Release|Any CPU = Release|Any CPU
	EndGlobalSection
	GlobalSection(ProjectConfigurationPlatforms) = postSolution
		{A6EDB9A9-9082-434B-AFDE-CC24EF372300}.Debug|Any CPU.ActiveCfg = Debug|Any CPU
		{A6EDB9A9-9082-434B-AFDE-CC24EF372300}.Debug|Any CPU.Build.0 = Debug|Any CPU
		{A6EDB9A9-9082-434B-AFDE-CC24EF372300}.Release|Any CPU.ActiveCfg = Release|Any CPU
		{A6EDB9A9-9082-434B-AFDE-CC24EF372300}.Release|Any CPU.Build.0 = Release|Any CPU
	EndGlobalSection
	GlobalSection(SolutionProperties) = preSolution
		HideSolutionNode = FALSE
	EndGlobalSection
	GlobalSection(ExtensibilityGlobals) = postSolution
		SolutionGuid = {3A3DDF67-CB4B-4208-967A-D529628E53E3}
	EndGlobalSection
EndGlobal
